lockfileVersion: 5.4

importers:

  tools/environment-scaffolder:
    specifiers:
      '@kubernetes/client-node': ^0.18.1
      '@octokit/rest': ^19.0.7
      dotenv: ^16.0.3
      tsx: ^3.12.3
      typescript: ^4.9.5
    dependencies:
      '@kubernetes/client-node': 0.18.1
      '@octokit/rest': 19.0.7
      dotenv: 16.0.3
    devDependencies:
      tsx: 3.12.3
      typescript: 4.9.5

packages:

  /@esbuild-kit/cjs-loader/2.4.2:
    resolution: {integrity: sha512-BDXFbYOJzT/NBEtp71cvsrGPwGAMGRB/349rwKuoxNSiKjPraNNnlK6MIIabViCjqZugu6j+xeMDlEkWdHHJSg==}
    dependencies:
      '@esbuild-kit/core-utils': 3.1.0
      get-tsconfig: 4.4.0
    dev: true

  /@esbuild-kit/core-utils/3.1.0:
    resolution: {integrity: sha512-Uuk8RpCg/7fdHSceR1M6XbSZFSuMrxcePFuGgyvsBn+u339dk5OeL4jv2EojwTN2st/unJGsVm4qHWjWNmJ/tw==}
    dependencies:
      esbuild: 0.17.6
      source-map-support: 0.5.21
    dev: true

  /@esbuild-kit/esm-loader/2.5.5:
    resolution: {integrity: sha512-Qwfvj/qoPbClxCRNuac1Du01r9gvNOT+pMYtJDapfB1eoGN1YlJ1BixLyL9WVENRx5RXgNLdfYdx/CuswlGhMw==}
    dependencies:
      '@esbuild-kit/core-utils': 3.1.0
      get-tsconfig: 4.4.0
    dev: true

  /@esbuild/android-arm/0.17.6:
    resolution: {integrity: sha512-bSC9YVUjADDy1gae8RrioINU6e1lCkg3VGVwm0QQ2E1CWcC4gnMce9+B6RpxuSsrsXsk1yojn7sp1fnG8erE2g==}
    engines: {node: '>=12'}
    cpu: [arm]
    os: [android]
    requiresBuild: true
    dev: true
    optional: true

  /@esbuild/android-arm64/0.17.6:
    resolution: {integrity: sha512-YnYSCceN/dUzUr5kdtUzB+wZprCafuD89Hs0Aqv9QSdwhYQybhXTaSTcrl6X/aWThn1a/j0eEpUBGOE7269REg==}
    engines: {node: '>=12'}
    cpu: [arm64]
    os: [android]
    requiresBuild: true
    dev: true
    optional: true

  /@esbuild/android-x64/0.17.6:
    resolution: {integrity: sha512-MVcYcgSO7pfu/x34uX9u2QIZHmXAB7dEiLQC5bBl5Ryqtpj9lT2sg3gNDEsrPEmimSJW2FXIaxqSQ501YLDsZQ==}
    engines: {node: '>=12'}
    cpu: [x64]
    os: [android]
    requiresBuild: true
    dev: true
    optional: true

  /@esbuild/darwin-arm64/0.17.6:
    resolution: {integrity: sha512-bsDRvlbKMQMt6Wl08nHtFz++yoZHsyTOxnjfB2Q95gato+Yi4WnRl13oC2/PJJA9yLCoRv9gqT/EYX0/zDsyMA==}
    engines: {node: '>=12'}
    cpu: [arm64]
    os: [darwin]
    requiresBuild: true
    dev: true
    optional: true

  /@esbuild/darwin-x64/0.17.6:
    resolution: {integrity: sha512-xh2A5oPrYRfMFz74QXIQTQo8uA+hYzGWJFoeTE8EvoZGHb+idyV4ATaukaUvnnxJiauhs/fPx3vYhU4wiGfosg==}
    engines: {node: '>=12'}
    cpu: [x64]
    os: [darwin]
    requiresBuild: true
    dev: true
    optional: true

  /@esbuild/freebsd-arm64/0.17.6:
    resolution: {integrity: sha512-EnUwjRc1inT4ccZh4pB3v1cIhohE2S4YXlt1OvI7sw/+pD+dIE4smwekZlEPIwY6PhU6oDWwITrQQm5S2/iZgg==}
    engines: {node: '>=12'}
    cpu: [arm64]
    os: [freebsd]
    requiresBuild: true
    dev: true
    optional: true

  /@esbuild/freebsd-x64/0.17.6:
    resolution: {integrity: sha512-Uh3HLWGzH6FwpviUcLMKPCbZUAFzv67Wj5MTwK6jn89b576SR2IbEp+tqUHTr8DIl0iDmBAf51MVaP7pw6PY5Q==}
    engines: {node: '>=12'}
    cpu: [x64]
    os: [freebsd]
    requiresBuild: true
    dev: true
    optional: true

  /@esbuild/linux-arm/0.17.6:
    resolution: {integrity: sha512-7YdGiurNt7lqO0Bf/U9/arrPWPqdPqcV6JCZda4LZgEn+PTQ5SMEI4MGR52Bfn3+d6bNEGcWFzlIxiQdS48YUw==}
    engines: {node: '>=12'}
    cpu: [arm]
    os: [linux]
    requiresBuild: true
    dev: true
    optional: true

  /@esbuild/linux-arm64/0.17.6:
    resolution: {integrity: sha512-bUR58IFOMJX523aDVozswnlp5yry7+0cRLCXDsxnUeQYJik1DukMY+apBsLOZJblpH+K7ox7YrKrHmJoWqVR9w==}
    engines: {node: '>=12'}
    cpu: [arm64]
    os: [linux]
    requiresBuild: true
    dev: true
    optional: true

  /@esbuild/linux-ia32/0.17.6:
    resolution: {integrity: sha512-ujp8uoQCM9FRcbDfkqECoARsLnLfCUhKARTP56TFPog8ie9JG83D5GVKjQ6yVrEVdMie1djH86fm98eY3quQkQ==}
    engines: {node: '>=12'}
    cpu: [ia32]
    os: [linux]
    requiresBuild: true
    dev: true
    optional: true

  /@esbuild/linux-loong64/0.17.6:
    resolution: {integrity: sha512-y2NX1+X/Nt+izj9bLoiaYB9YXT/LoaQFYvCkVD77G/4F+/yuVXYCWz4SE9yr5CBMbOxOfBcy/xFL4LlOeNlzYQ==}
    engines: {node: '>=12'}
    cpu: [loong64]
    os: [linux]
    requiresBuild: true
    dev: true
    optional: true

  /@esbuild/linux-mips64el/0.17.6:
    resolution: {integrity: sha512-09AXKB1HDOzXD+j3FdXCiL/MWmZP0Ex9eR8DLMBVcHorrWJxWmY8Nms2Nm41iRM64WVx7bA/JVHMv081iP2kUA==}
    engines: {node: '>=12'}
    cpu: [mips64el]
    os: [linux]
    requiresBuild: true
    dev: true
    optional: true

  /@esbuild/linux-ppc64/0.17.6:
    resolution: {integrity: sha512-AmLhMzkM8JuqTIOhxnX4ubh0XWJIznEynRnZAVdA2mMKE6FAfwT2TWKTwdqMG+qEaeyDPtfNoZRpJbD4ZBv0Tg==}
    engines: {node: '>=12'}
    cpu: [ppc64]
    os: [linux]
    requiresBuild: true
    dev: true
    optional: true

  /@esbuild/linux-riscv64/0.17.6:
    resolution: {integrity: sha512-Y4Ri62PfavhLQhFbqucysHOmRamlTVK10zPWlqjNbj2XMea+BOs4w6ASKwQwAiqf9ZqcY9Ab7NOU4wIgpxwoSQ==}
    engines: {node: '>=12'}
    cpu: [riscv64]
    os: [linux]
    requiresBuild: true
    dev: true
    optional: true

  /@esbuild/linux-s390x/0.17.6:
    resolution: {integrity: sha512-SPUiz4fDbnNEm3JSdUW8pBJ/vkop3M1YwZAVwvdwlFLoJwKEZ9L98l3tzeyMzq27CyepDQ3Qgoba44StgbiN5Q==}
    engines: {node: '>=12'}
    cpu: [s390x]
    os: [linux]
    requiresBuild: true
    dev: true
    optional: true

  /@esbuild/linux-x64/0.17.6:
    resolution: {integrity: sha512-a3yHLmOodHrzuNgdpB7peFGPx1iJ2x6m+uDvhP2CKdr2CwOaqEFMeSqYAHU7hG+RjCq8r2NFujcd/YsEsFgTGw==}
    engines: {node: '>=12'}
    cpu: [x64]
    os: [linux]
    requiresBuild: true
    dev: true
    optional: true

  /@esbuild/netbsd-x64/0.17.6:
    resolution: {integrity: sha512-EanJqcU/4uZIBreTrnbnre2DXgXSa+Gjap7ifRfllpmyAU7YMvaXmljdArptTHmjrkkKm9BK6GH5D5Yo+p6y5A==}
    engines: {node: '>=12'}
    cpu: [x64]
    os: [netbsd]
    requiresBuild: true
    dev: true
    optional: true

  /@esbuild/openbsd-x64/0.17.6:
    resolution: {integrity: sha512-xaxeSunhQRsTNGFanoOkkLtnmMn5QbA0qBhNet/XLVsc+OVkpIWPHcr3zTW2gxVU5YOHFbIHR9ODuaUdNza2Vw==}
    engines: {node: '>=12'}
    cpu: [x64]
    os: [openbsd]
    requiresBuild: true
    dev: true
    optional: true

  /@esbuild/sunos-x64/0.17.6:
    resolution: {integrity: sha512-gnMnMPg5pfMkZvhHee21KbKdc6W3GR8/JuE0Da1kjwpK6oiFU3nqfHuVPgUX2rsOx9N2SadSQTIYV1CIjYG+xw==}
    engines: {node: '>=12'}
    cpu: [x64]
    os: [sunos]
    requiresBuild: true
    dev: true
    optional: true

  /@esbuild/win32-arm64/0.17.6:
    resolution: {integrity: sha512-G95n7vP1UnGJPsVdKXllAJPtqjMvFYbN20e8RK8LVLhlTiSOH1sd7+Gt7rm70xiG+I5tM58nYgwWrLs6I1jHqg==}
    engines: {node: '>=12'}
    cpu: [arm64]
    os: [win32]
    requiresBuild: true
    dev: true
    optional: true

  /@esbuild/win32-ia32/0.17.6:
    resolution: {integrity: sha512-96yEFzLhq5bv9jJo5JhTs1gI+1cKQ83cUpyxHuGqXVwQtY5Eq54ZEsKs8veKtiKwlrNimtckHEkj4mRh4pPjsg==}
    engines: {node: '>=12'}
    cpu: [ia32]
    os: [win32]
    requiresBuild: true
    dev: true
    optional: true

  /@esbuild/win32-x64/0.17.6:
    resolution: {integrity: sha512-n6d8MOyUrNp6G4VSpRcgjs5xj4A91svJSaiwLIDWVWEsZtpN5FA9NlBbZHDmAJc2e8e6SF4tkBD3HAvPF+7igA==}
    engines: {node: '>=12'}
    cpu: [x64]
    os: [win32]
    requiresBuild: true
    dev: true
    optional: true

  /@kubernetes/client-node/0.18.1:
    resolution: {integrity: sha512-F3JiK9iZnbh81O/da1tD0h8fQMi/MDttWc/JydyUVnjPEom55wVfnpl4zQ/sWD4uKB8FlxYRPiLwV2ZXB+xPKw==}
    dependencies:
      '@types/js-yaml': 4.0.5
      '@types/node': 18.13.0
      '@types/request': 2.48.8
      '@types/ws': 8.5.4
      byline: 5.0.0
      isomorphic-ws: 5.0.0_ws@8.12.0
      js-yaml: 4.1.0
      jsonpath-plus: 7.2.0
      request: 2.88.2
      rfc4648: 1.5.2
      stream-buffers: 3.0.2
      tar: 6.1.13
      tmp-promise: 3.0.3
      tslib: 2.5.0
      underscore: 1.13.6
      ws: 8.12.0
    optionalDependencies:
      openid-client: 5.4.0
    transitivePeerDependencies:
      - bufferutil
      - utf-8-validate
    dev: false

  /@octokit/auth-token/3.0.3:
    resolution: {integrity: sha512-/aFM2M4HVDBT/jjDBa84sJniv1t9Gm/rLkalaz9htOm+L+8JMj1k9w0CkUdcxNyNxZPlTxKPVko+m1VlM58ZVA==}
    engines: {node: '>= 14'}
    dependencies:
      '@octokit/types': 9.0.0
    dev: false

  /@octokit/core/4.2.0:
    resolution: {integrity: sha512-AgvDRUg3COpR82P7PBdGZF/NNqGmtMq2NiPqeSsDIeCfYFOZ9gddqWNQHnFdEUf+YwOj4aZYmJnlPp7OXmDIDg==}
    engines: {node: '>= 14'}
    dependencies:
      '@octokit/auth-token': 3.0.3
      '@octokit/graphql': 5.0.5
      '@octokit/request': 6.2.3
      '@octokit/request-error': 3.0.3
      '@octokit/types': 9.0.0
      before-after-hook: 2.2.3
      universal-user-agent: 6.0.0
    transitivePeerDependencies:
      - encoding
    dev: false

  /@octokit/endpoint/7.0.5:
    resolution: {integrity: sha512-LG4o4HMY1Xoaec87IqQ41TQ+glvIeTKqfjkCEmt5AIwDZJwQeVZFIEYXrYY6yLwK+pAScb9Gj4q+Nz2qSw1roA==}
    engines: {node: '>= 14'}
    dependencies:
      '@octokit/types': 9.0.0
      is-plain-object: 5.0.0
      universal-user-agent: 6.0.0
    dev: false

  /@octokit/graphql/5.0.5:
    resolution: {integrity: sha512-Qwfvh3xdqKtIznjX9lz2D458r7dJPP8l6r4GQkIdWQouZwHQK0mVT88uwiU2bdTU2OtT1uOlKpRciUWldpG0yQ==}
    engines: {node: '>= 14'}
    dependencies:
      '@octokit/request': 6.2.3
      '@octokit/types': 9.0.0
      universal-user-agent: 6.0.0
    transitivePeerDependencies:
      - encoding
    dev: false

  /@octokit/openapi-types/16.0.0:
    resolution: {integrity: sha512-JbFWOqTJVLHZSUUoF4FzAZKYtqdxWu9Z5m2QQnOyEa04fOFljvyh7D3GYKbfuaSWisqehImiVIMG4eyJeP5VEA==}
    dev: false

  /@octokit/plugin-paginate-rest/6.0.0_@octokit+core@4.2.0:
    resolution: {integrity: sha512-Sq5VU1PfT6/JyuXPyt04KZNVsFOSBaYOAq2QRZUwzVlI10KFvcbUo8lR258AAQL1Et60b0WuVik+zOWKLuDZxw==}
    engines: {node: '>= 14'}
    peerDependencies:
      '@octokit/core': '>=4'
    dependencies:
      '@octokit/core': 4.2.0
      '@octokit/types': 9.0.0
    dev: false

  /@octokit/plugin-request-log/1.0.4_@octokit+core@4.2.0:
    resolution: {integrity: sha512-mLUsMkgP7K/cnFEw07kWqXGF5LKrOkD+lhCrKvPHXWDywAwuDUeDwWBpc69XK3pNX0uKiVt8g5z96PJ6z9xCFA==}
    peerDependencies:
      '@octokit/core': '>=3'
    dependencies:
      '@octokit/core': 4.2.0
    dev: false

  /@octokit/plugin-rest-endpoint-methods/7.0.1_@octokit+core@4.2.0:
    resolution: {integrity: sha512-pnCaLwZBudK5xCdrR823xHGNgqOzRnJ/mpC/76YPpNP7DybdsJtP7mdOwh+wYZxK5jqeQuhu59ogMI4NRlBUvA==}
    engines: {node: '>= 14'}
    peerDependencies:
      '@octokit/core': '>=3'
    dependencies:
      '@octokit/core': 4.2.0
      '@octokit/types': 9.0.0
      deprecation: 2.3.1
    dev: false

  /@octokit/request-error/3.0.3:
    resolution: {integrity: sha512-crqw3V5Iy2uOU5Np+8M/YexTlT8zxCfI+qu+LxUB7SZpje4Qmx3mub5DfEKSO8Ylyk0aogi6TYdf6kxzh2BguQ==}
    engines: {node: '>= 14'}
    dependencies:
      '@octokit/types': 9.0.0
      deprecation: 2.3.1
      once: 1.4.0
    dev: false

  /@octokit/request/6.2.3:
    resolution: {integrity: sha512-TNAodj5yNzrrZ/VxP+H5HiYaZep0H3GU0O7PaF+fhDrt8FPrnkei9Aal/txsN/1P7V3CPiThG0tIvpPDYUsyAA==}
    engines: {node: '>= 14'}
    dependencies:
      '@octokit/endpoint': 7.0.5
      '@octokit/request-error': 3.0.3
      '@octokit/types': 9.0.0
      is-plain-object: 5.0.0
      node-fetch: 2.6.9
      universal-user-agent: 6.0.0
    transitivePeerDependencies:
      - encoding
    dev: false

  /@octokit/rest/19.0.7:
    resolution: {integrity: sha512-HRtSfjrWmWVNp2uAkEpQnuGMJsu/+dBr47dRc5QVgsCbnIc1+GFEaoKBWkYG+zjrsHpSqcAElMio+n10c0b5JA==}
    engines: {node: '>= 14'}
    dependencies:
      '@octokit/core': 4.2.0
      '@octokit/plugin-paginate-rest': 6.0.0_@octokit+core@4.2.0
      '@octokit/plugin-request-log': 1.0.4_@octokit+core@4.2.0
      '@octokit/plugin-rest-endpoint-methods': 7.0.1_@octokit+core@4.2.0
    transitivePeerDependencies:
      - encoding
    dev: false

  /@octokit/types/9.0.0:
    resolution: {integrity: sha512-LUewfj94xCMH2rbD5YJ+6AQ4AVjFYTgpp6rboWM5T7N3IsIF65SBEOVcYMGAEzO/kKNiNaW4LoWtoThOhH06gw==}
    dependencies:
      '@octokit/openapi-types': 16.0.0
    dev: false

  /@types/caseless/0.12.2:
    resolution: {integrity: sha512-6ckxMjBBD8URvjB6J3NcnuAn5Pkl7t3TizAg+xdlzzQGSPSmBcXf8KoIH0ua/i+tio+ZRUHEXp0HEmvaR4kt0w==}
    dev: false

  /@types/js-yaml/4.0.5:
    resolution: {integrity: sha512-FhpRzf927MNQdRZP0J5DLIdTXhjLYzeUTmLAu69mnVksLH9CJY3IuSeEgbKUki7GQZm0WqDkGzyxju2EZGD2wA==}
    dev: false

  /@types/node/18.13.0:
    resolution: {integrity: sha512-gC3TazRzGoOnoKAhUx+Q0t8S9Tzs74z7m0ipwGpSqQrleP14hKxP4/JUeEQcD3W1/aIpnWl8pHowI7WokuZpXg==}
    dev: false

  /@types/request/2.48.8:
    resolution: {integrity: sha512-whjk1EDJPcAR2kYHRbFl/lKeeKYTi05A15K9bnLInCVroNDCtXce57xKdI0/rQaA3K+6q0eFyUBPmqfSndUZdQ==}
    dependencies:
      '@types/caseless': 0.12.2
      '@types/node': 18.13.0
      '@types/tough-cookie': 4.0.2
      form-data: 2.5.1
    dev: false

  /@types/tough-cookie/4.0.2:
    resolution: {integrity: sha512-Q5vtl1W5ue16D+nIaW8JWebSSraJVlK+EthKn7e7UcD4KWsaSJ8BqGPXNaPghgtcn/fhvrN17Tv8ksUsQpiplw==}
    dev: false

  /@types/ws/8.5.4:
    resolution: {integrity: sha512-zdQDHKUgcX/zBc4GrwsE/7dVdAD8JR4EuiAXiiUhhfyIJXXb2+PrGshFyeXWQPMmmZ2XxgaqclgpIC7eTXc1mg==}
    dependencies:
      '@types/node': 18.13.0
    dev: false

  /ajv/6.12.6:
    resolution: {integrity: sha512-j3fVLgvTo527anyYyJOGTYJbG+vnnQYvE0m5mmkc1TK+nxAppkCLMIL0aZ4dblVCNoGShhm+kzE4ZUykBoMg4g==}
    dependencies:
      fast-deep-equal: 3.1.3
      fast-json-stable-stringify: 2.1.0
      json-schema-traverse: 0.4.1
      uri-js: 4.4.1
    dev: false

  /argparse/2.0.1:
    resolution: {integrity: sha512-8+9WqebbFzpX9OR+Wa6O29asIogeRMzcGtAINdpMHHyAg10f05aSFVBbcEqGf/PXw1EjAZ+q2/bEBg3DvurK3Q==}
    dev: false

  /asn1/0.2.6:
    resolution: {integrity: sha512-ix/FxPn0MDjeyJ7i/yoHGFt/EX6LyNbxSEhPPXODPL+KB0VPk86UYfL0lMdy+KCnv+fmvIzySwaK5COwqVbWTQ==}
    dependencies:
      safer-buffer: 2.1.2
    dev: false

  /assert-plus/1.0.0:
    resolution: {integrity: sha512-NfJ4UzBCcQGLDlQq7nHxH+tv3kyZ0hHQqF5BO6J7tNJeP5do1llPr8dZ8zHonfhAu0PHAdMkSo+8o0wxg9lZWw==}
    engines: {node: '>=0.8'}
    dev: false

  /asynckit/0.4.0:
    resolution: {integrity: sha512-Oei9OH4tRh0YqU3GxhX79dM/mwVgvbZJaSNaRk+bshkj0S5cfHcgYakreBjrHwatXKbz+IoIdYLxrKim2MjW0Q==}
    dev: false

  /aws-sign2/0.7.0:
    resolution: {integrity: sha512-08kcGqnYf/YmjoRhfxyu+CLxBjUtHLXLXX/vUfx9l2LYzG3c1m61nrpyFUZI6zeS+Li/wWMMidD9KgrqtGq3mA==}
    dev: false

  /aws4/1.12.0:
    resolution: {integrity: sha512-NmWvPnx0F1SfrQbYwOi7OeaNGokp9XhzNioJ/CSBs8Qa4vxug81mhJEAVZwxXuBmYB5KDRfMq/F3RR0BIU7sWg==}
    dev: false

  /balanced-match/1.0.2:
    resolution: {integrity: sha512-3oSeUO0TMV67hN1AmbXsK4yaqU7tjiHlbxRDZOpH0KW9+CeX4bRAaX0Anxt0tx2MrpRpWwQaPwIlISEJhYU5Pw==}
    dev: false

  /bcrypt-pbkdf/1.0.2:
    resolution: {integrity: sha512-qeFIXtP4MSoi6NLqO12WfqARWWuCKi2Rn/9hJLEmtB5yTNr9DqFWkJRCf2qShWzPeAMRnOgCrq0sg/KLv5ES9w==}
    dependencies:
      tweetnacl: 0.14.5
    dev: false

  /before-after-hook/2.2.3:
    resolution: {integrity: sha512-NzUnlZexiaH/46WDhANlyR2bXRopNg4F/zuSA3OpZnllCUgRaOF2znDioDWrmbNVsuZk6l9pMquQB38cfBZwkQ==}
    dev: false

  /brace-expansion/1.1.11:
    resolution: {integrity: sha512-iCuPHDFgrHX7H2vEI/5xpz07zSHB00TpugqhmYtVmMO6518mCuRMoOYFldEBl0g187ufozdaHgWKcYFb61qGiA==}
    dependencies:
      balanced-match: 1.0.2
      concat-map: 0.0.1
    dev: false

  /buffer-from/1.1.2:
    resolution: {integrity: sha512-E+XQCRwSbaaiChtv6k6Dwgc+bx+Bs6vuKJHHl5kox/BaKbhiXzqQOwK4cO22yElGp2OCmjwVhT3HmxgyPGnJfQ==}
    dev: true

  /byline/5.0.0:
    resolution: {integrity: sha512-s6webAy+R4SR8XVuJWt2V2rGvhnrhxN+9S15GNuTK3wKPOXFF6RNc+8ug2XhH+2s4f+uudG4kUVYmYOQWL2g0Q==}
    engines: {node: '>=0.10.0'}
    dev: false

  /caseless/0.12.0:
    resolution: {integrity: sha512-4tYFyifaFfGacoiObjJegolkwSU4xQNGbVgUiNYVUxbQ2x2lUsFvY4hVgVzGiIe6WLOPqycWXA40l+PWsxthUw==}
    dev: false

  /chownr/2.0.0:
    resolution: {integrity: sha512-bIomtDF5KGpdogkLd9VspvFzk9KfpyyGlS8YFVZl7TGPBHL5snIOnxeshwVgPteQ9b4Eydl+pVbIyE1DcvCWgQ==}
    engines: {node: '>=10'}
    dev: false

  /combined-stream/1.0.8:
    resolution: {integrity: sha512-FQN4MRfuJeHf7cBbBMJFXhKSDq+2kAArBlmRBvcvFE5BB1HZKXtSFASDhdlz9zOYwxh8lDdnvmMOe/+5cdoEdg==}
    engines: {node: '>= 0.8'}
    dependencies:
      delayed-stream: 1.0.0
    dev: false

  /concat-map/0.0.1:
    resolution: {integrity: sha512-/Srv4dswyQNBfohGpz9o6Yb3Gz3SrUDqBH5rTuhGR7ahtlbYKnVxw2bCFMRljaA7EXHaXZ8wsHdodFvbkhKmqg==}
    dev: false

  /core-util-is/1.0.2:
    resolution: {integrity: sha512-3lqz5YjWTYnW6dlDa5TLaTCcShfar1e40rmcJVwCBJC6mWlFuj0eCHIElmG1g5kyuJ/GD+8Wn4FFCcz4gJPfaQ==}
    dev: false

  /dashdash/1.14.1:
    resolution: {integrity: sha512-jRFi8UDGo6j+odZiEpjazZaWqEal3w/basFjQHQEwVtZJGDpxbH1MeYluwCS8Xq5wmLJooDlMgvVarmWfGM44g==}
    engines: {node: '>=0.10'}
    dependencies:
      assert-plus: 1.0.0
    dev: false

  /delayed-stream/1.0.0:
    resolution: {integrity: sha512-ZySD7Nf91aLB0RxL4KGrKHBXl7Eds1DAmEdcoVawXnLD7SDhpNgtuII2aAkg7a7QS41jxPSZ17p4VdGnMHk3MQ==}
    engines: {node: '>=0.4.0'}
    dev: false

  /deprecation/2.3.1:
    resolution: {integrity: sha512-xmHIy4F3scKVwMsQ4WnVaS8bHOx0DmVwRywosKhaILI0ywMDWPtBSku2HNxRvF7jtwDRsoEwYQSfbxj8b7RlJQ==}
    dev: false

  /dotenv/16.0.3:
    resolution: {integrity: sha512-7GO6HghkA5fYG9TYnNxi14/7K9f5occMlp3zXAuSxn7CKCxt9xbNWG7yF8hTCSUchlfWSe3uLmlPfigevRItzQ==}
    engines: {node: '>=12'}
    dev: false

  /ecc-jsbn/0.1.2:
    resolution: {integrity: sha512-eh9O+hwRHNbG4BLTjEl3nw044CkGm5X6LoaCf7LPp7UU8Qrt47JYNi6nPX8xjW97TKGKm1ouctg0QSpZe9qrnw==}
    dependencies:
      jsbn: 0.1.1
      safer-buffer: 2.1.2
    dev: false

  /esbuild/0.17.6:
    resolution: {integrity: sha512-TKFRp9TxrJDdRWfSsSERKEovm6v30iHnrjlcGhLBOtReE28Yp1VSBRfO3GTaOFMoxsNerx4TjrhzSuma9ha83Q==}
    engines: {node: '>=12'}
    hasBin: true
    requiresBuild: true
    optionalDependencies:
      '@esbuild/android-arm': 0.17.6
      '@esbuild/android-arm64': 0.17.6
      '@esbuild/android-x64': 0.17.6
      '@esbuild/darwin-arm64': 0.17.6
      '@esbuild/darwin-x64': 0.17.6
      '@esbuild/freebsd-arm64': 0.17.6
      '@esbuild/freebsd-x64': 0.17.6
      '@esbuild/linux-arm': 0.17.6
      '@esbuild/linux-arm64': 0.17.6
      '@esbuild/linux-ia32': 0.17.6
      '@esbuild/linux-loong64': 0.17.6
      '@esbuild/linux-mips64el': 0.17.6
      '@esbuild/linux-ppc64': 0.17.6
      '@esbuild/linux-riscv64': 0.17.6
      '@esbuild/linux-s390x': 0.17.6
      '@esbuild/linux-x64': 0.17.6
      '@esbuild/netbsd-x64': 0.17.6
      '@esbuild/openbsd-x64': 0.17.6
      '@esbuild/sunos-x64': 0.17.6
      '@esbuild/win32-arm64': 0.17.6
      '@esbuild/win32-ia32': 0.17.6
      '@esbuild/win32-x64': 0.17.6
    dev: true

  /extend/3.0.2:
    resolution: {integrity: sha512-fjquC59cD7CyW6urNXK0FBufkZcoiGG80wTuPujX590cB5Ttln20E2UB4S/WARVqhXffZl2LNgS+gQdPIIim/g==}
    dev: false

  /extsprintf/1.3.0:
    resolution: {integrity: sha512-11Ndz7Nv+mvAC1j0ktTa7fAb0vLyGGX+rMHNBYQviQDGU0Hw7lhctJANqbPhu9nV9/izT/IntTgZ7Im/9LJs9g==}
    engines: {'0': node >=0.6.0}
    dev: false

  /fast-deep-equal/3.1.3:
    resolution: {integrity: sha512-f3qQ9oQy9j2AhBe/H9VC91wLmKBCCU/gDOnKNAYG5hswO7BLKj09Hc5HYNz9cGI++xlpDCIgDaitVs03ATR84Q==}
    dev: false

  /fast-json-stable-stringify/2.1.0:
    resolution: {integrity: sha512-lhd/wF+Lk98HZoTCtlVraHtfh5XYijIjalXck7saUtuanSDyLMxnHhSXEDJqHxD7msR8D0uCmqlkwjCV8xvwHw==}
    dev: false

  /forever-agent/0.6.1:
    resolution: {integrity: sha512-j0KLYPhm6zeac4lz3oJ3o65qvgQCcPubiyotZrXqEaG4hNagNYO8qdlUrX5vwqv9ohqeT/Z3j6+yW067yWWdUw==}
    dev: false

  /form-data/2.3.3:
    resolution: {integrity: sha512-1lLKB2Mu3aGP1Q/2eCOx0fNbRMe7XdwktwOruhfqqd0rIJWwN4Dh+E3hrPSlDCXnSR7UtZ1N38rVXm+6+MEhJQ==}
    engines: {node: '>= 0.12'}
    dependencies:
      asynckit: 0.4.0
      combined-stream: 1.0.8
      mime-types: 2.1.35
    dev: false

  /form-data/2.5.1:
    resolution: {integrity: sha512-m21N3WOmEEURgk6B9GLOE4RuWOFf28Lhh9qGYeNlGq4VDXUlJy2th2slBNU8Gp8EzloYZOibZJ7t5ecIrFSjVA==}
    engines: {node: '>= 0.12'}
    dependencies:
      asynckit: 0.4.0
      combined-stream: 1.0.8
      mime-types: 2.1.35
    dev: false

  /fs-minipass/2.1.0:
    resolution: {integrity: sha512-V/JgOLFCS+R6Vcq0slCuaeWEdNC3ouDlJMNIsacH2VtALiu9mV4LPrHc5cDl8k5aw6J8jwgWWpiTo5RYhmIzvg==}
    engines: {node: '>= 8'}
    dependencies:
      minipass: 3.3.6
    dev: false

  /fs.realpath/1.0.0:
    resolution: {integrity: sha512-OO0pH2lK6a0hZnAdau5ItzHPI6pUlvI7jMVnxUQRtw4owF2wk8lOSabtGDCTP4Ggrg2MbGnWO9X8K1t4+fGMDw==}
    dev: false

  /fsevents/2.3.2:
    resolution: {integrity: sha512-xiqMQR4xAeHTuB9uWm+fFRcIOgKBMiOBP+eXiyT7jsgVCq1bkVygt00oASowB7EdtpOHaaPgKt812P9ab+DDKA==}
    engines: {node: ^8.16.0 || ^10.6.0 || >=11.0.0}
    os: [darwin]
    requiresBuild: true
    dev: true
    optional: true

  /get-tsconfig/4.4.0:
    resolution: {integrity: sha512-0Gdjo/9+FzsYhXCEFueo2aY1z1tpXrxWZzP7k8ul9qt1U5o8rYJwTJYmaeHdrVosYIVYkOy2iwCJ9FdpocJhPQ==}
    dev: true

  /getpass/0.1.7:
    resolution: {integrity: sha512-0fzj9JxOLfJ+XGLhR8ze3unN0KZCgZwiSSDz168VERjK8Wl8kVSdcu2kspd4s4wtAa1y/qrVRiAA0WclVsu0ng==}
    dependencies:
      assert-plus: 1.0.0
    dev: false

  /glob/7.2.3:
    resolution: {integrity: sha512-nFR0zLpU2YCaRxwoCJvL6UvCH2JFyFVIvwTLsIf21AuHlMskA1hhTdk+LlYJtOlYt9v6dvszD2BGRqBL+iQK9Q==}
    dependencies:
      fs.realpath: 1.0.0
      inflight: 1.0.6
      inherits: 2.0.4
      minimatch: 3.1.2
      once: 1.4.0
      path-is-absolute: 1.0.1
    dev: false

  /har-schema/2.0.0:
    resolution: {integrity: sha512-Oqluz6zhGX8cyRaTQlFMPw80bSJVG2x/cFb8ZPhUILGgHka9SsokCCOQgpveePerqidZOrT14ipqfJb7ILcW5Q==}
    engines: {node: '>=4'}
    dev: false

  /har-validator/5.1.5:
    resolution: {integrity: sha512-nmT2T0lljbxdQZfspsno9hgrG3Uir6Ks5afism62poxqBM6sDnMEuPmzTq8XN0OEwqKLLdh1jQI3qyE66Nzb3w==}
    engines: {node: '>=6'}
    deprecated: this library is no longer supported
    dependencies:
      ajv: 6.12.6
      har-schema: 2.0.0
    dev: false

  /http-signature/1.2.0:
    resolution: {integrity: sha512-CAbnr6Rz4CYQkLYUtSNXxQPUH2gK8f3iWexVlsnMeD+GjlsQ0Xsy1cOX+mN3dtxYomRy21CiOzU8Uhw6OwncEQ==}
    engines: {node: '>=0.8', npm: '>=1.3.7'}
    dependencies:
      assert-plus: 1.0.0
      jsprim: 1.4.2
      sshpk: 1.17.0
    dev: false

  /inflight/1.0.6:
    resolution: {integrity: sha512-k92I/b08q4wvFscXCLvqfsHCrjrF7yiXsQuIVvVE7N82W3+aqpzuUdBbfhWcy/FZR3/4IgflMgKLOsvPDrGCJA==}
    dependencies:
      once: 1.4.0
      wrappy: 1.0.2
    dev: false

  /inherits/2.0.4:
    resolution: {integrity: sha512-k/vGaX4/Yla3WzyMCvTQOXYeIHvqOKtnqBduzTHpzpQZzAskKMhZ2K+EnBiSM9zGSoIFeMpXKxa4dYeZIQqewQ==}
    dev: false

  /is-plain-object/5.0.0:
    resolution: {integrity: sha512-VRSzKkbMm5jMDoKLbltAkFQ5Qr7VDiTFGXxYFXXowVj387GeGNOCsOH6Msy00SGZ3Fp84b1Naa1psqgcCIEP5Q==}
    engines: {node: '>=0.10.0'}
    dev: false

  /is-typedarray/1.0.0:
    resolution: {integrity: sha512-cyA56iCMHAh5CdzjJIa4aohJyeO1YbwLi3Jc35MmRU6poroFjIGZzUzupGiRPOjgHg9TLu43xbpwXk523fMxKA==}
    dev: false

  /isomorphic-ws/5.0.0_ws@8.12.0:
    resolution: {integrity: sha512-muId7Zzn9ywDsyXgTIafTry2sV3nySZeUDe6YedVd1Hvuuep5AsIlqK+XefWpYTyJG5e503F2xIuT2lcU6rCSw==}
    peerDependencies:
      ws: '*'
    dependencies:
      ws: 8.12.0
    dev: false

  /isstream/0.1.2:
    resolution: {integrity: sha512-Yljz7ffyPbrLpLngrMtZ7NduUgVvi6wG9RJ9IUcyCd59YQ911PBJphODUcbOVbqYfxe1wuYf/LJ8PauMRwsM/g==}
    dev: false

  /jose/4.11.4:
    resolution: {integrity: sha512-94FdcR8felat4vaTJyL/WVdtlWLlsnLMZP8v+A0Vru18K3bQ22vn7TtpVh3JlgBFNIlYOUlGqwp/MjRPOnIyCQ==}
    dev: false
    optional: true

  /js-yaml/4.1.0:
    resolution: {integrity: sha512-wpxZs9NoxZaJESJGIZTyDEaYpl0FKSA+FB9aJiyemKhMwkxQg63h4T1KJgUGHpTqPDNRcmmYLugrRjJlBtWvRA==}
    hasBin: true
    dependencies:
      argparse: 2.0.1
    dev: false

  /jsbn/0.1.1:
    resolution: {integrity: sha512-UVU9dibq2JcFWxQPA6KCqj5O42VOmAY3zQUfEKxU0KpTGXwNoCjkX1e13eHNvw/xPynt6pU0rZ1htjWTNTSXsg==}
    dev: false

  /json-schema-traverse/0.4.1:
    resolution: {integrity: sha512-xbbCH5dCYU5T8LcEhhuh7HJ88HXuW3qsI3Y0zOZFKfZEHcpWiHU/Jxzk629Brsab/mMiHQti9wMP+845RPe3Vg==}
    dev: false

  /json-schema/0.4.0:
    resolution: {integrity: sha512-es94M3nTIfsEPisRafak+HDLfHXnKBhV3vU5eqPcS3flIWqcxJWgXHXiey3YrpaNsanY5ei1VoYEbOzijuq9BA==}
    dev: false

  /json-stringify-safe/5.0.1:
    resolution: {integrity: sha512-ZClg6AaYvamvYEE82d3Iyd3vSSIjQ+odgjaTzRuO3s7toCdFKczob2i0zCh7JE8kWn17yvAWhUVxvqGwUalsRA==}
    dev: false

  /jsonpath-plus/7.2.0:
    resolution: {integrity: sha512-zBfiUPM5nD0YZSBT/o/fbCUlCcepMIdP0CJZxM1+KgA4f2T206f6VAg9e7mX35+KlMaIc5qXW34f3BnwJ3w+RA==}
    engines: {node: '>=12.0.0'}
    dev: false

  /jsprim/1.4.2:
    resolution: {integrity: sha512-P2bSOMAc/ciLz6DzgjVlGJP9+BrJWu5UDGK70C2iweC5QBIeFf0ZXRvGjEj2uYgrY2MkAAhsSWHDWlFtEroZWw==}
    engines: {node: '>=0.6.0'}
    dependencies:
      assert-plus: 1.0.0
      extsprintf: 1.3.0
      json-schema: 0.4.0
      verror: 1.10.0
    dev: false

  /lru-cache/6.0.0:
    resolution: {integrity: sha512-Jo6dJ04CmSjuznwJSS3pUeWmd/H0ffTlkXXgwZi+eq1UCmqQwCh+eLsYOYCwY991i2Fah4h1BEMCx4qThGbsiA==}
    engines: {node: '>=10'}
    dependencies:
      yallist: 4.0.0
    dev: false
    optional: true

  /mime-db/1.52.0:
    resolution: {integrity: sha512-sPU4uV7dYlvtWJxwwxHD0PuihVNiE7TyAbQ5SWxDCB9mUYvOgroQOwYQQOKPJ8CIbE+1ETVlOoK1UC2nU3gYvg==}
    engines: {node: '>= 0.6'}
    dev: false

  /mime-types/2.1.35:
    resolution: {integrity: sha512-ZDY+bPm5zTTF+YpCrAU9nK0UgICYPT0QtT1NZWFv4s++TNkcgVaT0g6+4R2uI4MjQjzysHB1zxuWL50hzaeXiw==}
    engines: {node: '>= 0.6'}
    dependencies:
      mime-db: 1.52.0
    dev: false

  /minimatch/3.1.2:
    resolution: {integrity: sha512-J7p63hRiAjw1NDEww1W7i37+ByIrOWO5XQQAzZ3VOcL0PNybwpfmV/N05zFAzwQ9USyEcX6t3UO+K5aqBQOIHw==}
    dependencies:
      brace-expansion: 1.1.11
    dev: false

  /minipass/3.3.6:
    resolution: {integrity: sha512-DxiNidxSEK+tHG6zOIklvNOwm3hvCrbUrdtzY74U6HKTJxvIDfOUL5W5P2Ghd3DTkhhKPYGqeNUIh5qcM4YBfw==}
    engines: {node: '>=8'}
    dependencies:
      yallist: 4.0.0
    dev: false

  /minipass/4.0.3:
    resolution: {integrity: sha512-OW2r4sQ0sI+z5ckEt5c1Tri4xTgZwYDxpE54eqWlQloQRoWtXjqt9udJ5Z4dSv7wK+nfFI7FRXyCpBSft+gpFw==}
    engines: {node: '>=8'}
    dev: false

  /minizlib/2.1.2:
    resolution: {integrity: sha512-bAxsR8BVfj60DWXHE3u30oHzfl4G7khkSuPW+qvpd7jFRHm7dLxOjUk1EHACJ/hxLY8phGJ0YhYHZo7jil7Qdg==}
    engines: {node: '>= 8'}
    dependencies:
      minipass: 3.3.6
      yallist: 4.0.0
    dev: false

  /mkdirp/1.0.4:
    resolution: {integrity: sha512-vVqVZQyf3WLx2Shd0qJ9xuvqgAyKPLAiqITEtqW0oIUjzo3PePDd6fW9iFz30ef7Ysp/oiWqbhszeGWW2T6Gzw==}
    engines: {node: '>=10'}
    hasBin: true
    dev: false

  /node-fetch/2.6.9:
    resolution: {integrity: sha512-DJm/CJkZkRjKKj4Zi4BsKVZh3ValV5IR5s7LVZnW+6YMh0W1BfNA8XSs6DLMGYlId5F3KnA70uu2qepcR08Qqg==}
    engines: {node: 4.x || >=6.0.0}
    peerDependencies:
      encoding: ^0.1.0
    peerDependenciesMeta:
      encoding:
        optional: true
    dependencies:
      whatwg-url: 5.0.0
    dev: false

  /oauth-sign/0.9.0:
    resolution: {integrity: sha512-fexhUFFPTGV8ybAtSIGbV6gOkSv8UtRbDBnAyLQw4QPKkgNlsH2ByPGtMUqdWkos6YCRmAqViwgZrJc/mRDzZQ==}
    dev: false

  /object-hash/2.2.0:
    resolution: {integrity: sha512-gScRMn0bS5fH+IuwyIFgnh9zBdo4DV+6GhygmWM9HyNJSgS0hScp1f5vjtm7oIIOiT9trXrShAkLFSc2IqKNgw==}
    engines: {node: '>= 6'}
    dev: false
    optional: true

  /oidc-token-hash/5.0.1:
    resolution: {integrity: sha512-EvoOtz6FIEBzE+9q253HsLCVRiK/0doEJ2HCvvqMQb3dHZrP3WlJKYtJ55CRTw4jmYomzH4wkPuCj/I3ZvpKxQ==}
    engines: {node: ^10.13.0 || >=12.0.0}
    dev: false
    optional: true

  /once/1.4.0:
    resolution: {integrity: sha512-lNaJgI+2Q5URQBkccEKHTQOPaXdUxnZZElQTZY0MFUAuaEqe1E+Nyvgdz/aIyNi6Z9MzO5dv1H8n58/GELp3+w==}
    dependencies:
      wrappy: 1.0.2
    dev: false

  /openid-client/5.4.0:
    resolution: {integrity: sha512-hgJa2aQKcM2hn3eyVtN12tEA45ECjTJPXCgUh5YzTzy9qwapCvmDTVPWOcWVL0d34zeQoQ/hbG9lJhl3AYxJlQ==}
    requiresBuild: true
    dependencies:
      jose: 4.11.4
      lru-cache: 6.0.0
      object-hash: 2.2.0
      oidc-token-hash: 5.0.1
    dev: false
    optional: true

  /path-is-absolute/1.0.1:
    resolution: {integrity: sha512-AVbw3UJ2e9bq64vSaS9Am0fje1Pa8pbGqTTsmXfaIiMpnr5DlDhfJOuLj9Sf95ZPVDAUerDfEk88MPmPe7UCQg==}
    engines: {node: '>=0.10.0'}
    dev: false

  /performance-now/2.1.0:
    resolution: {integrity: sha512-7EAHlyLHI56VEIdK57uwHdHKIaAGbnXPiw0yWbarQZOKaKpvUIgW0jWRVLiatnM+XXlSwsanIBH/hzGMJulMow==}
    dev: false

  /psl/1.9.0:
    resolution: {integrity: sha512-E/ZsdU4HLs/68gYzgGTkMicWTLPdAftJLfJFlLUAAKZGkStNU72sZjT66SnMDVOfOWY/YAoiD7Jxa9iHvngcag==}
    dev: false

  /punycode/2.3.0:
    resolution: {integrity: sha512-rRV+zQD8tVFys26lAGR9WUuS4iUAngJScM+ZRSKtvl5tKeZ2t5bvdNFdNHBW9FWR4guGHlgmsZ1G7BSm2wTbuA==}
    engines: {node: '>=6'}
    dev: false

  /qs/6.5.3:
    resolution: {integrity: sha512-qxXIEh4pCGfHICj1mAJQ2/2XVZkjCDTcEgfoSQxc/fYivUZxTkk7L3bDBJSoNrEzXI17oUO5Dp07ktqE5KzczA==}
    engines: {node: '>=0.6'}
    dev: false

  /request/2.88.2:
    resolution: {integrity: sha512-MsvtOrfG9ZcrOwAW+Qi+F6HbD0CWXEh9ou77uOb7FM2WPhwT7smM833PzanhJLsgXjN89Ir6V2PczXNnMpwKhw==}
    engines: {node: '>= 6'}
    deprecated: request has been deprecated, see https://github.com/request/request/issues/3142
    dependencies:
      aws-sign2: 0.7.0
      aws4: 1.12.0
      caseless: 0.12.0
      combined-stream: 1.0.8
      extend: 3.0.2
      forever-agent: 0.6.1
      form-data: 2.3.3
      har-validator: 5.1.5
      http-signature: 1.2.0
      is-typedarray: 1.0.0
      isstream: 0.1.2
      json-stringify-safe: 5.0.1
      mime-types: 2.1.35
      oauth-sign: 0.9.0
      performance-now: 2.1.0
      qs: 6.5.3
      safe-buffer: 5.2.1
      tough-cookie: 2.5.0
      tunnel-agent: 0.6.0
      uuid: 3.4.0
    dev: false

  /rfc4648/1.5.2:
    resolution: {integrity: sha512-tLOizhR6YGovrEBLatX1sdcuhoSCXddw3mqNVAcKxGJ+J0hFeJ+SjeWCv5UPA/WU3YzWPPuCVYgXBKZUPGpKtg==}
    dev: false

  /rimraf/3.0.2:
    resolution: {integrity: sha512-JZkJMZkAGFFPP2YqXZXPbMlMBgsxzE8ILs4lMIX/2o0L9UBw9O/Y3o6wFw/i9YLapcUJWwqbi3kdxIPdC62TIA==}
    hasBin: true
    dependencies:
      glob: 7.2.3
    dev: false

  /safe-buffer/5.2.1:
    resolution: {integrity: sha512-rp3So07KcdmmKbGvgaNxQSJr7bGVSVk5S9Eq1F+ppbRo70+YeaDxkw5Dd8NPN+GD6bjnYm2VuPuCXmpuYvmCXQ==}
    dev: false

  /safer-buffer/2.1.2:
    resolution: {integrity: sha512-YZo3K82SD7Riyi0E1EQPojLz7kpepnSQI9IyPbHHg1XXXevb5dJI7tpyN2ADxGcQbHG7vcyRHk0cbwqcQriUtg==}
    dev: false

  /source-map-support/0.5.21:
    resolution: {integrity: sha512-uBHU3L3czsIyYXKX88fdrGovxdSCoTGDRZ6SYXtSRxLZUzHg5P/66Ht6uoUlHu9EZod+inXhKo3qQgwXUT/y1w==}
    dependencies:
      buffer-from: 1.1.2
      source-map: 0.6.1
    dev: true

  /source-map/0.6.1:
    resolution: {integrity: sha512-UjgapumWlbMhkBgzT7Ykc5YXUT46F0iKu8SGXq0bcwP5dz/h0Plj6enJqjz1Zbq2l5WaqYnrVbwWOWMyF3F47g==}
    engines: {node: '>=0.10.0'}
    dev: true

  /sshpk/1.17.0:
    resolution: {integrity: sha512-/9HIEs1ZXGhSPE8X6Ccm7Nam1z8KcoCqPdI7ecm1N33EzAetWahvQWVqLZtaZQ+IDKX4IyA2o0gBzqIMkAagHQ==}
    engines: {node: '>=0.10.0'}
    hasBin: true
    dependencies:
      asn1: 0.2.6
      assert-plus: 1.0.0
      bcrypt-pbkdf: 1.0.2
      dashdash: 1.14.1
      ecc-jsbn: 0.1.2
      getpass: 0.1.7
      jsbn: 0.1.1
      safer-buffer: 2.1.2
      tweetnacl: 0.14.5
    dev: false

  /stream-buffers/3.0.2:
    resolution: {integrity: sha512-DQi1h8VEBA/lURbSwFtEHnSTb9s2/pwLEaFuNhXwy1Dx3Sa0lOuYT2yNUr4/j2fs8oCAMANtrZ5OrPZtyVs3MQ==}
    engines: {node: '>= 0.10.0'}
    dev: false

  /tar/6.1.13:
    resolution: {integrity: sha512-jdIBIN6LTIe2jqzay/2vtYLlBHa3JF42ot3h1dW8Q0PaAG4v8rm0cvpVePtau5C6OKXGGcgO9q2AMNSWxiLqKw==}
    engines: {node: '>=10'}
    dependencies:
      chownr: 2.0.0
      fs-minipass: 2.1.0
      minipass: 4.0.3
      minizlib: 2.1.2
      mkdirp: 1.0.4
      yallist: 4.0.0
    dev: false

  /tmp-promise/3.0.3:
    resolution: {integrity: sha512-RwM7MoPojPxsOBYnyd2hy0bxtIlVrihNs9pj5SUvY8Zz1sQcQG2tG1hSr8PDxfgEB8RNKDhqbIlroIarSNDNsQ==}
    dependencies:
      tmp: 0.2.1
    dev: false

  /tmp/0.2.1:
    resolution: {integrity: sha512-76SUhtfqR2Ijn+xllcI5P1oyannHNHByD80W1q447gU3mp9G9PSpGdWmjUOHRDPiHYacIk66W7ubDTuPF3BEtQ==}
    engines: {node: '>=8.17.0'}
    dependencies:
      rimraf: 3.0.2
    dev: false

  /tough-cookie/2.5.0:
    resolution: {integrity: sha512-nlLsUzgm1kfLXSXfRZMc1KLAugd4hqJHDTvc2hDIwS3mZAfMEuMbc03SujMF+GEcpaX/qboeycw6iO8JwVv2+g==}
    engines: {node: '>=0.8'}
    dependencies:
      psl: 1.9.0
      punycode: 2.3.0
    dev: false

  /tr46/0.0.3:
    resolution: {integrity: sha512-N3WMsuqV66lT30CrXNbEjx4GEwlow3v6rr4mCcv6prnfwhS01rkgyFdjPNBYd9br7LpXV1+Emh01fHnq2Gdgrw==}
    dev: false

  /tslib/2.5.0:
    resolution: {integrity: sha512-336iVw3rtn2BUK7ORdIAHTyxHGRIHVReokCR3XjbckJMK7ms8FysBfhLR8IXnAgy7T0PTPNBWKiH514FOW/WSg==}
    dev: false

  /tsx/3.12.3:
    resolution: {integrity: sha512-Wc5BFH1xccYTXaQob+lEcimkcb/Pq+0en2s+ruiX0VEIC80nV7/0s7XRahx8NnsoCnpCVUPz8wrqVSPi760LkA==}
    hasBin: true
    dependencies:
      '@esbuild-kit/cjs-loader': 2.4.2
      '@esbuild-kit/core-utils': 3.1.0
      '@esbuild-kit/esm-loader': 2.5.5
    optionalDependencies:
      fsevents: 2.3.2
    dev: true

  /tunnel-agent/0.6.0:
    resolution: {integrity: sha512-McnNiV1l8RYeY8tBgEpuodCC1mLUdbSN+CYBL7kJsJNInOP8UjDDEwdk6Mw60vdLLrr5NHKZhMAOSrR2NZuQ+w==}
    dependencies:
      safe-buffer: 5.2.1
    dev: false

  /tweetnacl/0.14.5:
    resolution: {integrity: sha512-KXXFFdAbFXY4geFIwoyNK+f5Z1b7swfXABfL7HXCmoIWMKU3dmS26672A4EeQtDzLKy7SXmfBu51JolvEKwtGA==}
    dev: false

  /typescript/4.9.5:
    resolution: {integrity: sha512-1FXk9E2Hm+QzZQ7z+McJiHL4NW1F2EzMu9Nq9i3zAaGqibafqYwCVU6WyWAuyQRRzOlxou8xZSyXLEN8oKj24g==}
    engines: {node: '>=4.2.0'}
    hasBin: true
    dev: true

  /underscore/1.13.6:
    resolution: {integrity: sha512-+A5Sja4HP1M08MaXya7p5LvjuM7K6q/2EaC0+iovj/wOcMsTzMvDFbasi/oSapiwOlt252IqsKqPjCl7huKS0A==}
    dev: false

  /universal-user-agent/6.0.0:
    resolution: {integrity: sha512-isyNax3wXoKaulPDZWHQqbmIx1k2tb9fb3GGDBRxCscfYV2Ch7WxPArBsFEG8s/safwXTT7H4QGhaIkTp9447w==}
    dev: false

  /uri-js/4.4.1:
    resolution: {integrity: sha512-7rKUyy33Q1yc98pQ1DAmLtwX109F7TIfWlW1Ydo8Wl1ii1SeHieeh0HHfPeL2fMXK6z0s8ecKs9frCuLJvndBg==}
    dependencies:
      punycode: 2.3.0
    dev: false

  /uuid/3.4.0:
    resolution: {integrity: sha512-HjSDRw6gZE5JMggctHBcjVak08+KEVhSIiDzFnT9S9aegmp85S/bReBVTb4QTFaRNptJ9kuYaNhnbNEOkbKb/A==}
    deprecated: Please upgrade  to version 7 or higher.  Older versions may use Math.random() in certain circumstances, which is known to be problematic.  See https://v8.dev/blog/math-random for details.
    hasBin: true
    dev: false

  /verror/1.10.0:
    resolution: {integrity: sha512-ZZKSmDAEFOijERBLkmYfJ+vmk3w+7hOLYDNkRCuRuMJGEmqYNCNLyBBFwWKVMhfwaEF3WOd0Zlw86U/WC/+nYw==}
    engines: {'0': node >=0.6.0}
    dependencies:
      assert-plus: 1.0.0
      core-util-is: 1.0.2
      extsprintf: 1.3.0
    dev: false

  /webidl-conversions/3.0.1:
    resolution: {integrity: sha512-2JAn3z8AR6rjK8Sm8orRC0h/bcl/DqL7tRPdGZ4I1CjdF+EaMLmYxBHyXuKL849eucPFhvBoxMsflfOb8kxaeQ==}
    dev: false

  /whatwg-url/5.0.0:
    resolution: {integrity: sha512-saE57nupxk6v3HY35+jzBwYa0rKSy0XR8JSxZPwgLr7ys0IBzhGviA1/TUGJLmSVqs8pb9AnvICXEuOHLprYTw==}
    dependencies:
      tr46: 0.0.3
      webidl-conversions: 3.0.1
    dev: false

  /wrappy/1.0.2:
    resolution: {integrity: sha512-l4Sp/DRseor9wL6EvV2+TuQn63dMkPjZ/sp9XkghTEbV9KlPS1xUsZ3u7/IQO4wxtcFB4bgpQPRcR3QCvezPcQ==}
    dev: false

  /ws/8.12.0:
    resolution: {integrity: sha512-kU62emKIdKVeEIOIKVegvqpXMSTAMLJozpHZaJNDYqBjzlSYXQGviYwN1osDLJ9av68qHd4a2oSjd7yD4pacig==}
    engines: {node: '>=10.0.0'}
    peerDependencies:
      bufferutil: ^4.0.1
      utf-8-validate: '>=5.0.2'
    peerDependenciesMeta:
      bufferutil:
        optional: true
      utf-8-validate:
        optional: true
    dev: false

  /yallist/4.0.0:
    resolution: {integrity: sha512-3wdGidZyq5PB084XLES5TpOSRA3wjXAlIWMhum2kRcv/41Sn2emQ0dycQW4uZXLejwKvg6EsvbdlVL+FYEct7A==}
    dev: false
